<?xml version="1.0" encoding="utf-8"?>
<Project ToolsVersion="4.0" xmlns="http://schemas.microsoft.com/developer/msbuild/2003">
  <ItemGroup>
    <ClCompile Include="source\ThirdParty\imgui-docking\imgui.cpp" />
    <ClCompile Include="source\ThirdParty\imgui-docking\imgui_demo.cpp" />
    <ClCompile Include="source\ThirdParty\imgui-docking\imgui_draw.cpp" />
    <ClCompile Include="source\ThirdParty\imgui-docking\imgui_tables.cpp" />
    <ClCompile Include="source\ThirdParty\imgui-docking\imgui_widgets.cpp" />
    <ClCompile Include="source\Main.cpp" />
    <ClCompile Include="source\Window\Window.cpp" />
    <ClCompile Include="source\ThirdParty\imgui-docking\backends\imgui_impl_opengl3.cpp" />
    <ClCompile Include="source\ThirdParty\imgui-docking\backends\imgui_impl_sdl.cpp" />
    <ClCompile Include="source\stb_image.cpp" />
    <ClCompile Include="source\Elements\Game.cpp" />
    <ClCompile Include="Source\Panels\Console.cpp" />
    <ClCompile Include="Source\ResourceManagement\ResourceManager.cpp" />
    <ClCompile Include="Source\ResourceManagement\Shader.cpp" />
    <ClCompile Include="Source\ResourceManagement\Texture.cpp" />
    <ClCompile Include="Source\Actors\AAwesomeBox.cpp" />
    <ClCompile Include="Source\Actors\AActor.cpp" />
    <ClCompile Include="Source\Panels\Hierarchy.cpp" />
    <ClCompile Include="Source\Application.cpp" />
    <ClCompile Include="Source\Objects\UTransformGizmo.cpp" />
    <ClCompile Include="Source\ThirdParty\imgui-docking\misc\cpp\imgui_stdlib.cpp" />
    <ClCompile Include="Source\Panels\GameWindow.cpp" />
    <ClCompile Include="Source\Elements\Camera.cpp" />
    <ClCompile Include="Source\ThirdParty\imguizmo\ImCurveEdit.cpp" />
    <ClCompile Include="Source\ThirdParty\imguizmo\ImGradient.cpp" />
    <ClCompile Include="Source\ThirdParty\imguizmo\ImGuizmo.cpp" />
    <ClCompile Include="Source\ThirdParty\imguizmo\ImSequencer.cpp" />
  </ItemGroup>
  <ItemGroup>
    <ClInclude Include="source\Main.h" />
    <ClInclude Include="source\Window\Window.h" />
    <ClInclude Include="source\Panels\Console.h" />
    <ClInclude Include="source\Panels\GameWindow.h" />
    <ClInclude Include="source\Panels\Hierarchy.h" />
    <ClInclude Include="source\Elements\Game.h" />
    <ClInclude Include="source\Elements\Camera.h" />
    <ClInclude Include="Source\ResourceManagement\ResourceManager.h" />
    <ClInclude Include="Source\ResourceManagement\Shader.h" />
    <ClInclude Include="Source\ResourceManagement\Texture.h" />
    <ClInclude Include="Source\Actors\AAwesomeBox.h" />
    <ClInclude Include="Source\Actors\AActor.h" />
    <ClInclude Include="Source\Structs\FTransform.h" />
    <ClInclude Include="Source\Structs\FString.h" />
    <ClInclude Include="Source\Application.h" />
    <ClInclude Include="Source\Objects\UTransformGizmo.h" />
  </ItemGroup>
</Project>